
Microsoft Visual Studio Solution File, Format Version 12.00
# Visual Studio Version 16
VisualStudioVersion = 16.0.31424.327
MinimumVisualStudioVersion = 10.0.40219.1
Project("{FAE04EC0-301F-11D3-BF4B-00C04F79EFBC}") = "bubleshoot", "bubleshoot\bubleshoot.csproj", "{57E17CDE-E34D-4D1B-A059-8B07B424887E}"
EndProject
Global
	GlobalSection(SolutionConfigurationPlatforms) = preSolution
		Debug|Any CPU = Debug|Any CPU
		Release|Any CPU = Release|Any CPU
	EndGlobalSection
	GlobalSection(ProjectConfigurationPlatforms) = postSolution
		{57E17CDE-E34D-4D1B-A059-8B07B424887E}.Debug|Any CPU.ActiveCfg = Debug|Any CPU
		{57E17CDE-E34D-4D1B-A059-8B07B424887E}.Debug|Any CPU.Build.0 = Debug|Any CPU
		{57E17CDE-E34D-4D1B-A059-8B07B424887E}.Release|Any CPU.ActiveCfg = Release|Any CPU
		{57E17CDE-E34D-4D1B-A059-8B07B424887E}.Release|Any CPU.Build.0 = Release|Any CPU
	EndGlobalSection
	GlobalSection(SolutionProperties) = preSolution
		HideSolutionNode = FALSE
	EndGlobalSection
	GlobalSection(ExtensibilityGlobals) = postSolution
		SolutionGuid = {A97EDEEE-8D5F-4EE1-9EEF-4007AC7EC27F}
	EndGlobalSection
EndGlobal
